
Microsoft Visual Studio Solution File, Format Version 12.00
# Visual Studio Version 16
VisualStudioVersion = 16.0.31321.278
MinimumVisualStudioVersion = 10.0.40219.1
Project("{8BC9CEB8-8B4A-11D0-8D11-00A0C91BC942}") = "Loader", "Loader\Loader.vcxproj", "{177D825B-BC7F-439B-B1D4-BD21A3E8F2DB}"
EndProject
Project("{FAE04EC0-301F-11D3-BF4B-00C04F79EFBC}") = "BloogBot", "BloogBot\BloogBot.csproj", "{68CA170A-19E6-4851-BF32-50C1DA32580F}"
EndProject
Project("{FAE04EC0-301F-11D3-BF4B-00C04F79EFBC}") = "Bootstraper", "Bootstraper\Bootstraper.csproj", "{A97CA82F-71D9-458E-B4A3-9817CFFF7F4B}"
EndProject
Project("{8BC9CEB8-8B4A-11D0-8D11-00A0C91BC942}") = "Fastcall", "Fastcall\Fastcall.vcxproj", "{5DEDB135-A54B-432A-9C47-F77FB34CAC74}"
EndProject
Project("{8BC9CEB8-8B4A-11D0-8D11-00A0C91BC942}") = "Navigation", "Navigation\Navigation.vcxproj", "{8E623BB1-1B7B-4F8E-A051-72F53A9AB620}"
EndProject
Project("{8BC9CEB8-8B4A-11D0-8D11-00A0C91BC942}") = "NavigationTests", "NavigationTests\NavigationTests.vcxproj", "{339B8C16-CAD4-467B-B1F3-F10F7E80F944}"
EndProject
Global
	GlobalSection(SolutionConfigurationPlatforms) = preSolution
		Debug|Any CPU = Debug|Any CPU
		Debug|x64 = Debug|x64
		Debug|x86 = Debug|x86
		Release|Any CPU = Release|Any CPU
		Release|x64 = Release|x64
		Release|x86 = Release|x86
	EndGlobalSection
	GlobalSection(ProjectConfigurationPlatforms) = postSolution
		{177D825B-BC7F-439B-B1D4-BD21A3E8F2DB}.Debug|Any CPU.ActiveCfg = Debug|Win32
		{177D825B-BC7F-439B-B1D4-BD21A3E8F2DB}.Debug|x64.ActiveCfg = Debug|Win32
		{177D825B-BC7F-439B-B1D4-BD21A3E8F2DB}.Debug|x86.ActiveCfg = Debug|Win32
		{177D825B-BC7F-439B-B1D4-BD21A3E8F2DB}.Debug|x86.Build.0 = Debug|Win32
		{177D825B-BC7F-439B-B1D4-BD21A3E8F2DB}.Release|Any CPU.ActiveCfg = Release|Win32
		{177D825B-BC7F-439B-B1D4-BD21A3E8F2DB}.Release|x64.ActiveCfg = Release|Win32
		{177D825B-BC7F-439B-B1D4-BD21A3E8F2DB}.Release|x86.ActiveCfg = Release|Win32
		{177D825B-BC7F-439B-B1D4-BD21A3E8F2DB}.Release|x86.Build.0 = Release|Win32
		{68CA170A-19E6-4851-BF32-50C1DA32580F}.Debug|Any CPU.ActiveCfg = Debug|Any CPU
		{68CA170A-19E6-4851-BF32-50C1DA32580F}.Debug|Any CPU.Build.0 = Debug|Any CPU
		{68CA170A-19E6-4851-BF32-50C1DA32580F}.Debug|x64.ActiveCfg = Debug|Any CPU
		{68CA170A-19E6-4851-BF32-50C1DA32580F}.Debug|x64.Build.0 = Debug|Any CPU
		{68CA170A-19E6-4851-BF32-50C1DA32580F}.Debug|x86.ActiveCfg = Debug|Any CPU
		{68CA170A-19E6-4851-BF32-50C1DA32580F}.Debug|x86.Build.0 = Debug|Any CPU
		{68CA170A-19E6-4851-BF32-50C1DA32580F}.Release|Any CPU.ActiveCfg = Release|Any CPU
		{68CA170A-19E6-4851-BF32-50C1DA32580F}.Release|Any CPU.Build.0 = Release|Any CPU
		{68CA170A-19E6-4851-BF32-50C1DA32580F}.Release|x64.ActiveCfg = Release|Any CPU
		{68CA170A-19E6-4851-BF32-50C1DA32580F}.Release|x64.Build.0 = Release|Any CPU
		{68CA170A-19E6-4851-BF32-50C1DA32580F}.Release|x86.ActiveCfg = Release|Any CPU
		{68CA170A-19E6-4851-BF32-50C1DA32580F}.Release|x86.Build.0 = Release|Any CPU
		{A97CA82F-71D9-458E-B4A3-9817CFFF7F4B}.Debug|Any CPU.ActiveCfg = Debug|Any CPU
		{A97CA82F-71D9-458E-B4A3-9817CFFF7F4B}.Debug|Any CPU.Build.0 = Debug|Any CPU
		{A97CA82F-71D9-458E-B4A3-9817CFFF7F4B}.Debug|x64.ActiveCfg = Debug|Any CPU
		{A97CA82F-71D9-458E-B4A3-9817CFFF7F4B}.Debug|x64.Build.0 = Debug|Any CPU
		{A97CA82F-71D9-458E-B4A3-9817CFFF7F4B}.Debug|x86.ActiveCfg = Debug|Any CPU
		{A97CA82F-71D9-458E-B4A3-9817CFFF7F4B}.Debug|x86.Build.0 = Debug|Any CPU
		{A97CA82F-71D9-458E-B4A3-9817CFFF7F4B}.Release|Any CPU.ActiveCfg = Release|Any CPU
		{A97CA82F-71D9-458E-B4A3-9817CFFF7F4B}.Release|Any CPU.Build.0 = Release|Any CPU
		{A97CA82F-71D9-458E-B4A3-9817CFFF7F4B}.Release|x64.ActiveCfg = Release|Any CPU
		{A97CA82F-71D9-458E-B4A3-9817CFFF7F4B}.Release|x64.Build.0 = Release|Any CPU
		{A97CA82F-71D9-458E-B4A3-9817CFFF7F4B}.Release|x86.ActiveCfg = Release|Any CPU
		{A97CA82F-71D9-458E-B4A3-9817CFFF7F4B}.Release|x86.Build.0 = Release|Any CPU
		{5DEDB135-A54B-432A-9C47-F77FB34CAC74}.Debug|Any CPU.ActiveCfg = Debug|Win32
		{5DEDB135-A54B-432A-9C47-F77FB34CAC74}.Debug|x64.ActiveCfg = Debug|x64
		{5DEDB135-A54B-432A-9C47-F77FB34CAC74}.Debug|x64.Build.0 = Debug|x64
		{5DEDB135-A54B-432A-9C47-F77FB34CAC74}.Debug|x86.ActiveCfg = Debug|Win32
		{5DEDB135-A54B-432A-9C47-F77FB34CAC74}.Debug|x86.Build.0 = Debug|Win32
		{5DEDB135-A54B-432A-9C47-F77FB34CAC74}.Release|Any CPU.ActiveCfg = Release|Win32
		{5DEDB135-A54B-432A-9C47-F77FB34CAC74}.Release|x64.ActiveCfg = Release|x64
		{5DEDB135-A54B-432A-9C47-F77FB34CAC74}.Release|x64.Build.0 = Release|x64
		{5DEDB135-A54B-432A-9C47-F77FB34CAC74}.Release|x86.ActiveCfg = Release|Win32
		{5DEDB135-A54B-432A-9C47-F77FB34CAC74}.Release|x86.Build.0 = Release|Win32
		{8E623BB1-1B7B-4F8E-A051-72F53A9AB620}.Debug|Any CPU.ActiveCfg = Debug|Win32
		{8E623BB1-1B7B-4F8E-A051-72F53A9AB620}.Debug|x64.ActiveCfg = Debug|Win32
		{8E623BB1-1B7B-4F8E-A051-72F53A9AB620}.Debug|x86.ActiveCfg = Debug|Win32
		{8E623BB1-1B7B-4F8E-A051-72F53A9AB620}.Debug|x86.Build.0 = Debug|Win32
		{8E623BB1-1B7B-4F8E-A051-72F53A9AB620}.Release|Any CPU.ActiveCfg = Release|Win32
		{8E623BB1-1B7B-4F8E-A051-72F53A9AB620}.Release|x64.ActiveCfg = Release|Win32
		{8E623BB1-1B7B-4F8E-A051-72F53A9AB620}.Release|x86.ActiveCfg = Release|Win32
		{8E623BB1-1B7B-4F8E-A051-72F53A9AB620}.Release|x86.Build.0 = Release|Win32
		{339B8C16-CAD4-467B-B1F3-F10F7E80F944}.Debug|Any CPU.ActiveCfg = Debug|Win32
		{339B8C16-CAD4-467B-B1F3-F10F7E80F944}.Debug|x64.ActiveCfg = Debug|x64
		{339B8C16-CAD4-467B-B1F3-F10F7E80F944}.Debug|x64.Build.0 = Debug|x64
		{339B8C16-CAD4-467B-B1F3-F10F7E80F944}.Debug|x86.ActiveCfg = Debug|Win32
		{339B8C16-CAD4-467B-B1F3-F10F7E80F944}.Debug|x86.Build.0 = Debug|Win32
		{339B8C16-CAD4-467B-B1F3-F10F7E80F944}.Release|Any CPU.ActiveCfg = Release|Win32
		{339B8C16-CAD4-467B-B1F3-F10F7E80F944}.Release|x64.ActiveCfg = Release|x64
		{339B8C16-CAD4-467B-B1F3-F10F7E80F944}.Release|x64.Build.0 = Release|x64
		{339B8C16-CAD4-467B-B1F3-F10F7E80F944}.Release|x86.ActiveCfg = Release|Win32
		{339B8C16-CAD4-467B-B1F3-F10F7E80F944}.Release|x86.Build.0 = Release|Win32
	EndGlobalSection
	GlobalSection(SolutionProperties) = preSolution
		HideSolutionNode = FALSE
	EndGlobalSection
	GlobalSection(ExtensibilityGlobals) = postSolution
		SolutionGuid = {B21CCF38-0272-4910-9749-7AE950A9B6BA}
	EndGlobalSection
EndGlobal
